
Microsoft Visual Studio Solution File, Format Version 12.00
# Visual Studio Version 17
VisualStudioVersion = 17.0.31903.59
MinimumVisualStudioVersion = 10.0.40219.1
Project("{FAE04EC0-301F-11D3-BF4B-00C04F79EFBC}") = "Project", "Project\Project.csproj", "{D26F5E8D-E610-4555-920B-23DED6DD882C}"
EndProject
Project("{FAE04EC0-301F-11D3-BF4B-00C04F79EFBC}") = "Tests", "Tests\Tests.csproj", "{4C9BF77F-F836-45A2-B9FF-155E4E3ED3AC}"
EndProject
Global
	GlobalSection(SolutionConfigurationPlatforms) = preSolution
		Debug|Any CPU = Debug|Any CPU
		Release|Any CPU = Release|Any CPU
	EndGlobalSection
	GlobalSection(SolutionProperties) = preSolution
		HideSolutionNode = FALSE
	EndGlobalSection
	GlobalSection(ProjectConfigurationPlatforms) = postSolution
		{D26F5E8D-E610-4555-920B-23DED6DD882C}.Debug|Any CPU.ActiveCfg = Debug|Any CPU
		{D26F5E8D-E610-4555-920B-23DED6DD882C}.Debug|Any CPU.Build.0 = Debug|Any CPU
		{D26F5E8D-E610-4555-920B-23DED6DD882C}.Release|Any CPU.ActiveCfg = Release|Any CPU
		{D26F5E8D-E610-4555-920B-23DED6DD882C}.Release|Any CPU.Build.0 = Release|Any CPU
		{4C9BF77F-F836-45A2-B9FF-155E4E3ED3AC}.Debug|Any CPU.ActiveCfg = Debug|Any CPU
		{4C9BF77F-F836-45A2-B9FF-155E4E3ED3AC}.Debug|Any CPU.Build.0 = Debug|Any CPU
		{4C9BF77F-F836-45A2-B9FF-155E4E3ED3AC}.Release|Any CPU.ActiveCfg = Release|Any CPU
		{4C9BF77F-F836-45A2-B9FF-155E4E3ED3AC}.Release|Any CPU.Build.0 = Release|Any CPU
	EndGlobalSection
EndGlobal
